
Microsoft Visual Studio Solution File, Format Version 12.00
# Visual Studio 15
VisualStudioVersion = 15.0.28307.489
MinimumVisualStudioVersion = 10.0.40219.1
Project("{FAE04EC0-301F-11D3-BF4B-00C04F79EFBC}") = "BitcoinApi", "BitcoinApi\BitcoinApi.csproj", "{08B1A91B-92B5-4895-A37D-F3EAAA149BC6}"
EndProject
Project("{FAE04EC0-301F-11D3-BF4B-00C04F79EFBC}") = "BitcoinApi.Tests", "BitcoinApi.Tests\BitcoinApi.Tests.csproj", "{901F9648-3C1D-416A-896D-9EF1588A8CC0}"
EndProject
Global
	GlobalSection(SolutionConfigurationPlatforms) = preSolution
		Debug|Any CPU = Debug|Any CPU
		Release|Any CPU = Release|Any CPU
	EndGlobalSection
	GlobalSection(ProjectConfigurationPlatforms) = postSolution
		{08B1A91B-92B5-4895-A37D-F3EAAA149BC6}.Debug|Any CPU.ActiveCfg = Debug|Any CPU
		{08B1A91B-92B5-4895-A37D-F3EAAA149BC6}.Debug|Any CPU.Build.0 = Debug|Any CPU
		{08B1A91B-92B5-4895-A37D-F3EAAA149BC6}.Release|Any CPU.ActiveCfg = Release|Any CPU
		{08B1A91B-92B5-4895-A37D-F3EAAA149BC6}.Release|Any CPU.Build.0 = Release|Any CPU
		{901F9648-3C1D-416A-896D-9EF1588A8CC0}.Debug|Any CPU.ActiveCfg = Debug|Any CPU
		{901F9648-3C1D-416A-896D-9EF1588A8CC0}.Debug|Any CPU.Build.0 = Debug|Any CPU
		{901F9648-3C1D-416A-896D-9EF1588A8CC0}.Release|Any CPU.ActiveCfg = Release|Any CPU
		{901F9648-3C1D-416A-896D-9EF1588A8CC0}.Release|Any CPU.Build.0 = Release|Any CPU
	EndGlobalSection
	GlobalSection(SolutionProperties) = preSolution
		HideSolutionNode = FALSE
	EndGlobalSection
	GlobalSection(ExtensibilityGlobals) = postSolution
		SolutionGuid = {51ED8DBA-06D8-4467-9D65-5C8089550FA0}
	EndGlobalSection
EndGlobal
